
Microsoft Visual Studio Solution File, Format Version 12.00
# Visual Studio 14
VisualStudioVersion = 14.0.25420.1
MinimumVisualStudioVersion = 10.0.40219.1
Project("{E24C65DC-7377-472B-9ABA-BC803B73C61A}") = "212680334(2)", ".", "{5F2A3B73-DC49-4E6A-81FA-9998939DD719}"
	ProjectSection(WebsiteProperties) = preProject
		TargetFrameworkMoniker = ".NETFramework,Version%3Dv3.5"
		Debug.AspNetCompiler.VirtualPath = "/localhost_52880"
		Debug.AspNetCompiler.PhysicalPath = "..\..\..\..\Desktop\212680334\"
		Debug.AspNetCompiler.TargetPath = "PrecompiledWeb\localhost_52880\"
		Debug.AspNetCompiler.Updateable = "true"
		Debug.AspNetCompiler.ForceOverwrite = "true"
		Debug.AspNetCompiler.FixedNames = "false"
		Debug.AspNetCompiler.Debug = "True"
		Release.AspNetCompiler.VirtualPath = "/localhost_52880"
		Release.AspNetCompiler.PhysicalPath = "..\..\..\..\Desktop\212680334\"
		Release.AspNetCompiler.TargetPath = "PrecompiledWeb\localhost_52880\"
		Release.AspNetCompiler.Updateable = "true"
		Release.AspNetCompiler.ForceOverwrite = "true"
		Release.AspNetCompiler.FixedNames = "false"
		Release.AspNetCompiler.Debug = "False"
		VWDPort = "52880"
	EndProjectSection
EndProject
Global
	GlobalSection(SolutionConfigurationPlatforms) = preSolution
		Debug|Any CPU = Debug|Any CPU
	EndGlobalSection
	GlobalSection(ProjectConfigurationPlatforms) = postSolution
		{5F2A3B73-DC49-4E6A-81FA-9998939DD719}.Debug|Any CPU.ActiveCfg = Debug|Any CPU
		{5F2A3B73-DC49-4E6A-81FA-9998939DD719}.Debug|Any CPU.Build.0 = Debug|Any CPU
	EndGlobalSection
	GlobalSection(SolutionProperties) = preSolution
		HideSolutionNode = FALSE
	EndGlobalSection
EndGlobal
